
Microsoft Visual Studio Solution File, Format Version 12.00
# Visual Studio Version 16
VisualStudioVersion = 16.0.30503.244
MinimumVisualStudioVersion = 10.0.40219.1
Project("{888888A0-9F3D-457C-B088-3A5042F75D52}") = "lab 1", "lab 1\lab 1.pyproj", "{1751FA52-5602-49A5-955C-54FFEFE7E317}"
EndProject
Global
	GlobalSection(SolutionConfigurationPlatforms) = preSolution
		Debug|Any CPU = Debug|Any CPU
		Release|Any CPU = Release|Any CPU
	EndGlobalSection
	GlobalSection(ProjectConfigurationPlatforms) = postSolution
		{1751FA52-5602-49A5-955C-54FFEFE7E317}.Debug|Any CPU.ActiveCfg = Debug|Any CPU
		{1751FA52-5602-49A5-955C-54FFEFE7E317}.Release|Any CPU.ActiveCfg = Release|Any CPU
	EndGlobalSection
	GlobalSection(SolutionProperties) = preSolution
		HideSolutionNode = FALSE
	EndGlobalSection
	GlobalSection(ExtensibilityGlobals) = postSolution
		SolutionGuid = {0E714D97-C3C8-42DE-B72D-F5DB5C199502}
	EndGlobalSection
EndGlobal
