
Microsoft Visual Studio Solution File, Format Version 12.00
# Visual Studio Version 16
VisualStudioVersion = 16.0.31624.102
MinimumVisualStudioVersion = 10.0.40219.1
Project("{FAE04EC0-301F-11D3-BF4B-00C04F79EFBC}") = "LB4.1", "LB4.1\LB4.1.csproj", "{F1FDA1A0-9773-4E07-9B57-6D72C0A55813}"
EndProject
Global
	GlobalSection(SolutionConfigurationPlatforms) = preSolution
		Debug|Any CPU = Debug|Any CPU
		Release|Any CPU = Release|Any CPU
	EndGlobalSection
	GlobalSection(ProjectConfigurationPlatforms) = postSolution
		{F1FDA1A0-9773-4E07-9B57-6D72C0A55813}.Debug|Any CPU.ActiveCfg = Debug|Any CPU
		{F1FDA1A0-9773-4E07-9B57-6D72C0A55813}.Debug|Any CPU.Build.0 = Debug|Any CPU
		{F1FDA1A0-9773-4E07-9B57-6D72C0A55813}.Release|Any CPU.ActiveCfg = Release|Any CPU
		{F1FDA1A0-9773-4E07-9B57-6D72C0A55813}.Release|Any CPU.Build.0 = Release|Any CPU
	EndGlobalSection
	GlobalSection(SolutionProperties) = preSolution
		HideSolutionNode = FALSE
	EndGlobalSection
	GlobalSection(ExtensibilityGlobals) = postSolution
		SolutionGuid = {BC51A42F-54E8-4601-B40A-8B8BF4BB022A}
	EndGlobalSection
EndGlobal
